
Microsoft Visual Studio Solution File, Format Version 12.00
# Visual Studio Version 17
VisualStudioVersion = 17.13.35825.156
MinimumVisualStudioVersion = 10.0.40219.1
Project("{FAE04EC0-301F-11D3-BF4B-00C04F79EFBC}") = "01_MainSubjects", "01_MainSubjects\01_MainSubjects.csproj", "{7F39F4FB-76F6-4332-801A-4928F96399F1}"
EndProject
Project("{FAE04EC0-301F-11D3-BF4B-00C04F79EFBC}") = "02_Variables", "02_Variables\02_Variables.csproj", "{3158412C-4FDF-4E03-8BFE-682BB41D0BEC}"
EndProject
Project("{FAE04EC0-301F-11D3-BF4B-00C04F79EFBC}") = "03_MakingDecision", "03_MakingDecision\03_MakingDecision.csproj", "{FB2D1B46-AAB3-4DF2-B4BF-01F7910895A0}"
EndProject
Project("{FAE04EC0-301F-11D3-BF4B-00C04F79EFBC}") = "04_Loops", "04_Loops\04_Loops.csproj", "{CDB39F60-684A-44C0-BEB4-D74A99C20DAC}"
EndProject
Project("{FAE04EC0-301F-11D3-BF4B-00C04F79EFBC}") = "05_LoopsWithStars", "05_LoopsWithStars\05_LoopsWithStars.csproj", "{763D102F-045F-445A-88F6-8F61B9AC3235}"
EndProject
Project("{FAE04EC0-301F-11D3-BF4B-00C04F79EFBC}") = "06_Arrays", "06_Arrays\06_Arrays.csproj", "{A29B8D41-0DA6-482E-814F-5B9AA2728EB2}"
EndProject
Project("{FAE04EC0-301F-11D3-BF4B-00C04F79EFBC}") = "07_ForeachLoop", "07_ForeachLoop\07_ForeachLoop.csproj", "{2A4AE292-76AF-4B78-8BFF-943D67901C77}"
EndProject
Project("{FAE04EC0-301F-11D3-BF4B-00C04F79EFBC}") = "08_Methods", "08_Methods\08_Methods.csproj", "{1DD26401-6520-4DEB-89DC-0AF47C0FB8F8}"
EndProject
Project("{FAE04EC0-301F-11D3-BF4B-00C04F79EFBC}") = "09_DatabaseProject", "09_DatabaseProject\09_DatabaseProject.csproj", "{EDBCF78A-C22A-448D-844D-1C42910F9ADF}"
EndProject
Project("{FAE04EC0-301F-11D3-BF4B-00C04F79EFBC}") = "10_DatabaseCrud", "10_DatabaseCrud\10_DatabaseCrud.csproj", "{FA35B5BA-E210-4FC1-94B2-C1543842813D}"
EndProject
Global
	GlobalSection(SolutionConfigurationPlatforms) = preSolution
		Debug|Any CPU = Debug|Any CPU
		Release|Any CPU = Release|Any CPU
	EndGlobalSection
	GlobalSection(ProjectConfigurationPlatforms) = postSolution
		{7F39F4FB-76F6-4332-801A-4928F96399F1}.Debug|Any CPU.ActiveCfg = Debug|Any CPU
		{7F39F4FB-76F6-4332-801A-4928F96399F1}.Debug|Any CPU.Build.0 = Debug|Any CPU
		{7F39F4FB-76F6-4332-801A-4928F96399F1}.Release|Any CPU.ActiveCfg = Release|Any CPU
		{7F39F4FB-76F6-4332-801A-4928F96399F1}.Release|Any CPU.Build.0 = Release|Any CPU
		{3158412C-4FDF-4E03-8BFE-682BB41D0BEC}.Debug|Any CPU.ActiveCfg = Debug|Any CPU
		{3158412C-4FDF-4E03-8BFE-682BB41D0BEC}.Debug|Any CPU.Build.0 = Debug|Any CPU
		{3158412C-4FDF-4E03-8BFE-682BB41D0BEC}.Release|Any CPU.ActiveCfg = Release|Any CPU
		{3158412C-4FDF-4E03-8BFE-682BB41D0BEC}.Release|Any CPU.Build.0 = Release|Any CPU
		{FB2D1B46-AAB3-4DF2-B4BF-01F7910895A0}.Debug|Any CPU.ActiveCfg = Debug|Any CPU
		{FB2D1B46-AAB3-4DF2-B4BF-01F7910895A0}.Debug|Any CPU.Build.0 = Debug|Any CPU
		{FB2D1B46-AAB3-4DF2-B4BF-01F7910895A0}.Release|Any CPU.ActiveCfg = Release|Any CPU
		{FB2D1B46-AAB3-4DF2-B4BF-01F7910895A0}.Release|Any CPU.Build.0 = Release|Any CPU
		{CDB39F60-684A-44C0-BEB4-D74A99C20DAC}.Debug|Any CPU.ActiveCfg = Debug|Any CPU
		{CDB39F60-684A-44C0-BEB4-D74A99C20DAC}.Debug|Any CPU.Build.0 = Debug|Any CPU
		{CDB39F60-684A-44C0-BEB4-D74A99C20DAC}.Release|Any CPU.ActiveCfg = Release|Any CPU
		{CDB39F60-684A-44C0-BEB4-D74A99C20DAC}.Release|Any CPU.Build.0 = Release|Any CPU
		{763D102F-045F-445A-88F6-8F61B9AC3235}.Debug|Any CPU.ActiveCfg = Debug|Any CPU
		{763D102F-045F-445A-88F6-8F61B9AC3235}.Debug|Any CPU.Build.0 = Debug|Any CPU
		{763D102F-045F-445A-88F6-8F61B9AC3235}.Release|Any CPU.ActiveCfg = Release|Any CPU
		{763D102F-045F-445A-88F6-8F61B9AC3235}.Release|Any CPU.Build.0 = Release|Any CPU
		{A29B8D41-0DA6-482E-814F-5B9AA2728EB2}.Debug|Any CPU.ActiveCfg = Debug|Any CPU
		{A29B8D41-0DA6-482E-814F-5B9AA2728EB2}.Debug|Any CPU.Build.0 = Debug|Any CPU
		{A29B8D41-0DA6-482E-814F-5B9AA2728EB2}.Release|Any CPU.ActiveCfg = Release|Any CPU
		{A29B8D41-0DA6-482E-814F-5B9AA2728EB2}.Release|Any CPU.Build.0 = Release|Any CPU
		{2A4AE292-76AF-4B78-8BFF-943D67901C77}.Debug|Any CPU.ActiveCfg = Debug|Any CPU
		{2A4AE292-76AF-4B78-8BFF-943D67901C77}.Debug|Any CPU.Build.0 = Debug|Any CPU
		{2A4AE292-76AF-4B78-8BFF-943D67901C77}.Release|Any CPU.ActiveCfg = Release|Any CPU
		{2A4AE292-76AF-4B78-8BFF-943D67901C77}.Release|Any CPU.Build.0 = Release|Any CPU
		{1DD26401-6520-4DEB-89DC-0AF47C0FB8F8}.Debug|Any CPU.ActiveCfg = Debug|Any CPU
		{1DD26401-6520-4DEB-89DC-0AF47C0FB8F8}.Debug|Any CPU.Build.0 = Debug|Any CPU
		{1DD26401-6520-4DEB-89DC-0AF47C0FB8F8}.Release|Any CPU.ActiveCfg = Release|Any CPU
		{1DD26401-6520-4DEB-89DC-0AF47C0FB8F8}.Release|Any CPU.Build.0 = Release|Any CPU
		{EDBCF78A-C22A-448D-844D-1C42910F9ADF}.Debug|Any CPU.ActiveCfg = Debug|Any CPU
		{EDBCF78A-C22A-448D-844D-1C42910F9ADF}.Debug|Any CPU.Build.0 = Debug|Any CPU
		{EDBCF78A-C22A-448D-844D-1C42910F9ADF}.Release|Any CPU.ActiveCfg = Release|Any CPU
		{EDBCF78A-C22A-448D-844D-1C42910F9ADF}.Release|Any CPU.Build.0 = Release|Any CPU
		{FA35B5BA-E210-4FC1-94B2-C1543842813D}.Debug|Any CPU.ActiveCfg = Debug|Any CPU
		{FA35B5BA-E210-4FC1-94B2-C1543842813D}.Debug|Any CPU.Build.0 = Debug|Any CPU
		{FA35B5BA-E210-4FC1-94B2-C1543842813D}.Release|Any CPU.ActiveCfg = Release|Any CPU
		{FA35B5BA-E210-4FC1-94B2-C1543842813D}.Release|Any CPU.Build.0 = Release|Any CPU
	EndGlobalSection
	GlobalSection(SolutionProperties) = preSolution
		HideSolutionNode = FALSE
	EndGlobalSection
	GlobalSection(ExtensibilityGlobals) = postSolution
		SolutionGuid = {D703E7A8-3B09-472D-8513-73BED8405925}
	EndGlobalSection
EndGlobal
